{
  "version": 4,
  "terraform_version": "1.12.2",
  "serial": 35,
  "lineage": "99efc154-ed47-5b0e-0bcb-9c95fa82ae2a",
  "outputs": {
    "cluster_name": {
      "value": "fintech-reconciliation-dev",
      "type": "string"
    },
    "ecr_repository_url": {
      "value": "664882921839.dkr.ecr.us-east-1.amazonaws.com/fintech-reconciliation-dev",
      "type": "string"
    },
    "ecs_security_group_id": {
      "value": "sg-02d652184e088fb50",
      "type": "string"
    },
    "private_subnet_ids": {
      "value": [
        "subnet-09f3190cf79e7f0e1",
        "subnet-01840aa5142a9ba0f"
      ],
      "type": [
        "tuple",
        [
          "string",
          "string"
        ]
      ]
    },
    "public_subnet_ids": {
      "value": [
        "subnet-0031aa58217fff905"
      ],
      "type": [
        "tuple",
        [
          "string"
        ]
      ]
    },
    "s3_bucket_name": {
      "value": "fintech-reconciliation-dev-reports-hl05fw4e",
      "type": "string"
    }
  },
  "resources": [
    {
      "mode": "managed",
      "type": "aws_security_group",
      "name": "ecs",
      "provider": "provider[\"registry.terraform.io/hashicorp/aws\"]",
      "instances": [
        {
          "schema_version": 1,
          "attributes": {
            "arn": "arn:aws:ec2:us-east-1:664882921839:security-group/sg-02d652184e088fb50",
            "description": "Managed by Terraform",
            "egress": [
              {
                "cidr_blocks": [
                  "0.0.0.0/0"
                ],
                "description": "All outbound traffic",
                "from_port": 0,
                "ipv6_cidr_blocks": [],
                "prefix_list_ids": [],
                "protocol": "-1",
                "security_groups": [],
                "self": false,
                "to_port": 0
              }
            ],
            "id": "sg-02d652184e088fb50",
            "ingress": [],
            "name": "fintech-reconciliation-dev-ecs-20251008173757000200000002",
            "name_prefix": "fintech-reconciliation-dev-ecs-",
            "owner_id": "664882921839",
            "revoke_rules_on_delete": false,
            "tags": {
              "CostCenter": "development",
              "Environment": "dev",
              "ManagedBy": "terraform",
              "Name": "fintech-reconciliation-dev-ecs-sg",
              "Owner": "dev-team",
              "Project": "fintech-reconciliation"
            },
            "tags_all": {
              "CostCenter": "development",
              "Environment": "dev",
              "ManagedBy": "terraform",
              "Name": "fintech-reconciliation-dev-ecs-sg",
              "Owner": "dev-team",
              "Project": "fintech-reconciliation"
            },
            "timeouts": null,
            "vpc_id": "vpc-0c881921c13fc42cb"
          },
          "sensitive_attributes": [],
          "identity_schema_version": 0,
          "private": "eyJlMmJmYjczMC1lY2FhLTExZTYtOGY4OC0zNDM2M2JjN2M0YzAiOnsiY3JlYXRlIjo2MDAwMDAwMDAwMDAsImRlbGV0ZSI6OTAwMDAwMDAwMDAwfSwic2NoZW1hX3ZlcnNpb24iOiIxIn0=",
          "dependencies": [
            "module.vpc.aws_vpc.main"
          ]
        }
      ]
    },
    {
      "mode": "managed",
      "type": "random_password",
      "name": "db_password",
      "provider": "provider[\"registry.terraform.io/hashicorp/random\"]",
      "instances": [
        {
          "schema_version": 3,
          "attributes": {
            "bcrypt_hash": "$2a$10$wnPEOxRWJwv9U/JWL6pAM.P9SN1.sm6Da.2jONe7vpuN8UTnqapFm",
            "id": "none",
            "keepers": null,
            "length": 32,
            "lower": true,
            "min_lower": 0,
            "min_numeric": 0,
            "min_special": 0,
            "min_upper": 0,
            "number": true,
            "numeric": true,
            "override_special": "!#$%\u0026*+-=?_",
            "result": "ctEE0Ezmtcp_lRzVCseLTfqJ$SUh+hAl",
            "special": true,
            "upper": true
          },
          "sensitive_attributes": [
            [
              {
                "type": "get_attr",
                "value": "bcrypt_hash"
              }
            ],
            [
              {
                "type": "get_attr",
                "value": "result"
              }
            ]
          ],
          "identity_schema_version": 0
        }
      ]
    },
    {
      "module": "module.cloudwatch",
      "mode": "managed",
      "type": "aws_cloudwatch_log_group",
      "name": "main",
      "provider": "provider[\"registry.terraform.io/hashicorp/aws\"]",
      "instances": [
        {
          "schema_version": 0,
          "attributes": {
            "arn": "arn:aws:logs:us-east-1:664882921839:log-group:/ecs/fintech-reconciliation-dev",
            "id": "/ecs/fintech-reconciliation-dev",
            "kms_key_id": "",
            "log_group_class": "STANDARD",
            "name": "/ecs/fintech-reconciliation-dev",
            "name_prefix": "",
            "retention_in_days": 7,
            "skip_destroy": false,
            "tags": {
              "CostCenter": "development",
              "Environment": "dev",
              "ManagedBy": "terraform",
              "Name": "fintech-reconciliation-dev-logs",
              "Owner": "dev-team",
              "Project": "fintech-reconciliation"
            },
            "tags_all": {
              "CostCenter": "development",
              "Environment": "dev",
              "ManagedBy": "terraform",
              "Name": "fintech-reconciliation-dev-logs",
              "Owner": "dev-team",
              "Project": "fintech-reconciliation"
            }
          },
          "sensitive_attributes": [],
          "identity_schema_version": 0,
          "private": "bnVsbA=="
        }
      ]
    },
    {
      "module": "module.ecs",
      "mode": "managed",
      "type": "aws_ecr_repository",
      "name": "main",
      "provider": "provider[\"registry.terraform.io/hashicorp/aws\"]",
      "instances": [
        {
          "schema_version": 0,
          "attributes": {
            "arn": "arn:aws:ecr:us-east-1:664882921839:repository/fintech-reconciliation-dev",
            "encryption_configuration": [
              {
                "encryption_type": "AES256",
                "kms_key": ""
              }
            ],
            "force_delete": true,
            "id": "fintech-reconciliation-dev",
            "image_scanning_configuration": [
              {
                "scan_on_push": false
              }
            ],
            "image_tag_mutability": "MUTABLE",
            "name": "fintech-reconciliation-dev",
            "registry_id": "664882921839",
            "repository_url": "664882921839.dkr.ecr.us-east-1.amazonaws.com/fintech-reconciliation-dev",
            "tags": {
              "CostCenter": "development",
              "Environment": "dev",
              "ManagedBy": "terraform",
              "Name": "fintech-reconciliation-dev-repo",
              "Owner": "dev-team",
              "Project": "fintech-reconciliation"
            },
            "tags_all": {
              "CostCenter": "development",
              "Environment": "dev",
              "ManagedBy": "terraform",
              "Name": "fintech-reconciliation-dev-repo",
              "Owner": "dev-team",
              "Project": "fintech-reconciliation"
            },
            "timeouts": null
          },
          "sensitive_attributes": [],
          "identity_schema_version": 0,
          "private": "eyJlMmJmYjczMC1lY2FhLTExZTYtOGY4OC0zNDM2M2JjN2M0YzAiOnsiZGVsZXRlIjoxMjAwMDAwMDAwMDAwfX0=",
          "dependencies": [
            "module.cloudwatch.aws_cloudwatch_log_group.main"
          ]
        }
      ]
    },
    {
      "module": "module.ecs",
      "mode": "managed",
      "type": "aws_ecs_cluster",
      "name": "main",
      "provider": "provider[\"registry.terraform.io/hashicorp/aws\"]",
      "instances": [
        {
          "schema_version": 0,
          "attributes": {
            "arn": "arn:aws:ecs:us-east-1:664882921839:cluster/fintech-reconciliation-dev",
            "configuration": [],
            "id": "arn:aws:ecs:us-east-1:664882921839:cluster/fintech-reconciliation-dev",
            "name": "fintech-reconciliation-dev",
            "service_connect_defaults": [],
            "setting": [
              {
                "name": "containerInsights",
                "value": "disabled"
              }
            ],
            "tags": {
              "CostCenter": "development",
              "Environment": "dev",
              "ManagedBy": "terraform",
              "Name": "fintech-reconciliation-dev-cluster",
              "Owner": "dev-team",
              "Project": "fintech-reconciliation"
            },
            "tags_all": {
              "CostCenter": "development",
              "Environment": "dev",
              "ManagedBy": "terraform",
              "Name": "fintech-reconciliation-dev-cluster",
              "Owner": "dev-team",
              "Project": "fintech-reconciliation"
            }
          },
          "sensitive_attributes": [],
          "identity_schema_version": 0,
          "private": "bnVsbA==",
          "dependencies": [
            "module.cloudwatch.aws_cloudwatch_log_group.main"
          ]
        }
      ]
    },
    {
      "module": "module.iam",
      "mode": "managed",
      "type": "aws_iam_role",
      "name": "ecs_task_execution_role",
      "provider": "provider[\"registry.terraform.io/hashicorp/aws\"]",
      "instances": [
        {
          "schema_version": 0,
          "attributes": {
            "arn": "arn:aws:iam::664882921839:role/fintech-reconciliation-dev-ecs-task-execution-role",
            "assume_role_policy": "{\"Statement\":[{\"Action\":\"sts:AssumeRole\",\"Effect\":\"Allow\",\"Principal\":{\"Service\":\"ecs-tasks.amazonaws.com\"}}],\"Version\":\"2012-10-17\"}",
            "create_date": "2025-10-08T17:48:32Z",
            "description": "",
            "force_detach_policies": false,
            "id": "fintech-reconciliation-dev-ecs-task-execution-role",
            "inline_policy": [],
            "managed_policy_arns": [],
            "max_session_duration": 3600,
            "name": "fintech-reconciliation-dev-ecs-task-execution-role",
            "name_prefix": "",
            "path": "/",
            "permissions_boundary": "",
            "tags": {
              "CostCenter": "development",
              "Environment": "dev",
              "ManagedBy": "terraform",
              "Owner": "dev-team",
              "Project": "fintech-reconciliation"
            },
            "tags_all": {
              "CostCenter": "development",
              "Environment": "dev",
              "ManagedBy": "terraform",
              "Owner": "dev-team",
              "Project": "fintech-reconciliation"
            },
            "unique_id": "AROAZVTQ4IFXSVUZ33Y74"
          },
          "sensitive_attributes": [],
          "identity_schema_version": 0,
          "private": "bnVsbA==",
          "dependencies": [
            "module.secrets.aws_secretsmanager_secret.db_password",
            "module.secrets.aws_secretsmanager_secret_version.db_password",
            "random_password.db_password"
          ]
        }
      ]
    },
    {
      "module": "module.iam",
      "mode": "managed",
      "type": "aws_iam_role",
      "name": "ecs_task_role",
      "provider": "provider[\"registry.terraform.io/hashicorp/aws\"]",
      "instances": [
        {
          "schema_version": 0,
          "attributes": {
            "arn": "arn:aws:iam::664882921839:role/fintech-reconciliation-dev-ecs-task-role",
            "assume_role_policy": "{\"Statement\":[{\"Action\":\"sts:AssumeRole\",\"Effect\":\"Allow\",\"Principal\":{\"Service\":\"ecs-tasks.amazonaws.com\"}}],\"Version\":\"2012-10-17\"}",
            "create_date": "2025-10-08T17:48:32Z",
            "description": "",
            "force_detach_policies": false,
            "id": "fintech-reconciliation-dev-ecs-task-role",
            "inline_policy": [],
            "managed_policy_arns": [],
            "max_session_duration": 3600,
            "name": "fintech-reconciliation-dev-ecs-task-role",
            "name_prefix": "",
            "path": "/",
            "permissions_boundary": "",
            "tags": {
              "CostCenter": "development",
              "Environment": "dev",
              "ManagedBy": "terraform",
              "Owner": "dev-team",
              "Project": "fintech-reconciliation"
            },
            "tags_all": {
              "CostCenter": "development",
              "Environment": "dev",
              "ManagedBy": "terraform",
              "Owner": "dev-team",
              "Project": "fintech-reconciliation"
            },
            "unique_id": "AROAZVTQ4IFX2SM4BCDSI"
          },
          "sensitive_attributes": [],
          "identity_schema_version": 0,
          "private": "bnVsbA==",
          "dependencies": [
            "module.secrets.aws_secretsmanager_secret.db_password",
            "module.secrets.aws_secretsmanager_secret_version.db_password",
            "random_password.db_password"
          ]
        }
      ]
    },
    {
      "module": "module.iam",
      "mode": "managed",
      "type": "aws_iam_role",
      "name": "eventbridge_role",
      "provider": "provider[\"registry.terraform.io/hashicorp/aws\"]",
      "instances": [
        {
          "schema_version": 0,
          "attributes": {
            "arn": "arn:aws:iam::664882921839:role/fintech-reconciliation-dev-eventbridge-role",
            "assume_role_policy": "{\"Statement\":[{\"Action\":\"sts:AssumeRole\",\"Effect\":\"Allow\",\"Principal\":{\"Service\":\"events.amazonaws.com\"}}],\"Version\":\"2012-10-17\"}",
            "create_date": "2025-10-08T17:48:32Z",
            "description": "",
            "force_detach_policies": false,
            "id": "fintech-reconciliation-dev-eventbridge-role",
            "inline_policy": [],
            "managed_policy_arns": [],
            "max_session_duration": 3600,
            "name": "fintech-reconciliation-dev-eventbridge-role",
            "name_prefix": "",
            "path": "/",
            "permissions_boundary": "",
            "tags": {
              "CostCenter": "development",
              "Environment": "dev",
              "ManagedBy": "terraform",
              "Owner": "dev-team",
              "Project": "fintech-reconciliation"
            },
            "tags_all": {
              "CostCenter": "development",
              "Environment": "dev",
              "ManagedBy": "terraform",
              "Owner": "dev-team",
              "Project": "fintech-reconciliation"
            },
            "unique_id": "AROAZVTQ4IFX427ZG2FKJ"
          },
          "sensitive_attributes": [],
          "identity_schema_version": 0,
          "private": "bnVsbA==",
          "dependencies": [
            "module.secrets.aws_secretsmanager_secret.db_password",
            "module.secrets.aws_secretsmanager_secret_version.db_password",
            "random_password.db_password"
          ]
        }
      ]
    },
    {
      "module": "module.iam",
      "mode": "managed",
      "type": "aws_iam_role_policy",
      "name": "ecs_task_policy",
      "provider": "provider[\"registry.terraform.io/hashicorp/aws\"]",
      "instances": [
        {
          "schema_version": 0,
          "attributes": {
            "id": "fintech-reconciliation-dev-ecs-task-role:fintech-reconciliation-dev-ecs-task-policy",
            "name": "fintech-reconciliation-dev-ecs-task-policy",
            "name_prefix": "",
            "policy": "{\"Version\":\"2012-10-17\",\"Statement\":[{\"Action\":[\"s3:GetObject\",\"s3:PutObject\",\"s3:DeleteObject\"],\"Effect\":\"Allow\",\"Resource\":\"arn:aws:s3:::fintech-reconciliation-dev-reports-hl05fw4e/*\"},{\"Action\":[\"s3:ListBucket\"],\"Effect\":\"Allow\",\"Resource\":\"arn:aws:s3:::fintech-reconciliation-dev-reports-hl05fw4e\"},{\"Action\":[\"ses:SendEmail\",\"ses:SendRawEmail\"],\"Effect\":\"Allow\",\"Resource\":\"*\"},{\"Action\":[\"secretsmanager:GetSecretValue\"],\"Effect\":\"Allow\",\"Resource\":\"arn:aws:secretsmanager:us-east-1:664882921839:secret:fintech-reconciliation-dev-db-password-267w8v\"}]}",
            "role": "fintech-reconciliation-dev-ecs-task-role"
          },
          "sensitive_attributes": [],
          "identity_schema_version": 0,
          "private": "bnVsbA==",
          "dependencies": [
            "module.iam.aws_iam_role.ecs_task_role",
            "module.s3.aws_s3_bucket.reports",
            "module.s3.random_string.suffix",
            "module.secrets.aws_secretsmanager_secret.db_password",
            "module.secrets.aws_secretsmanager_secret_version.db_password",
            "random_password.db_password"
          ]
        }
      ]
    },
    {
      "module": "module.iam",
      "mode": "managed",
      "type": "aws_iam_role_policy",
      "name": "eventbridge_policy",
      "provider": "provider[\"registry.terraform.io/hashicorp/aws\"]",
      "instances": [
        {
          "schema_version": 0,
          "attributes": {
            "id": "fintech-reconciliation-dev-eventbridge-role:fintech-reconciliation-dev-eventbridge-policy",
            "name": "fintech-reconciliation-dev-eventbridge-policy",
            "name_prefix": "",
            "policy": "{\"Version\":\"2012-10-17\",\"Statement\":[{\"Action\":[\"ecs:RunTask\"],\"Effect\":\"Allow\",\"Resource\":\"arn:aws:ecs:*:*:task-definition/fintech-reconciliation-dev:*\"},{\"Action\":[\"iam:PassRole\"],\"Effect\":\"Allow\",\"Resource\":[\"arn:aws:iam::664882921839:role/fintech-reconciliation-dev-ecs-task-execution-role\",\"arn:aws:iam::664882921839:role/fintech-reconciliation-dev-ecs-task-role\"]}]}",
            "role": "fintech-reconciliation-dev-eventbridge-role"
          },
          "sensitive_attributes": [],
          "identity_schema_version": 0,
          "private": "bnVsbA==",
          "dependencies": [
            "module.iam.aws_iam_role.ecs_task_execution_role",
            "module.iam.aws_iam_role.ecs_task_role",
            "module.iam.aws_iam_role.eventbridge_role",
            "module.secrets.aws_secretsmanager_secret.db_password",
            "module.secrets.aws_secretsmanager_secret_version.db_password",
            "random_password.db_password"
          ]
        }
      ]
    },
    {
      "module": "module.iam",
      "mode": "managed",
      "type": "aws_iam_role_policy_attachment",
      "name": "ecs_task_execution_role_policy",
      "provider": "provider[\"registry.terraform.io/hashicorp/aws\"]",
      "instances": [
        {
          "schema_version": 0,
          "attributes": {
            "id": "fintech-reconciliation-dev-ecs-task-execution-role-20251008174833654800000003",
            "policy_arn": "arn:aws:iam::aws:policy/service-role/AmazonECSTaskExecutionRolePolicy",
            "role": "fintech-reconciliation-dev-ecs-task-execution-role"
          },
          "sensitive_attributes": [],
          "identity_schema_version": 0,
          "private": "bnVsbA==",
          "dependencies": [
            "module.iam.aws_iam_role.ecs_task_execution_role",
            "module.secrets.aws_secretsmanager_secret.db_password",
            "module.secrets.aws_secretsmanager_secret_version.db_password",
            "random_password.db_password"
          ]
        }
      ]
    },
    {
      "module": "module.rds",
      "mode": "managed",
      "type": "aws_db_instance",
      "name": "postgres",
      "provider": "provider[\"registry.terraform.io/hashicorp/aws\"]",
      "instances": [
        {
          "status": "tainted",
          "schema_version": 2,
          "attributes": {
            "address": null,
            "allocated_storage": 20,
            "allow_major_version_upgrade": null,
            "apply_immediately": false,
            "arn": null,
            "auto_minor_version_upgrade": true,
            "availability_zone": null,
            "backup_retention_period": 7,
            "backup_target": null,
            "backup_window": "03:00-04:00",
            "blue_green_update": [],
            "ca_cert_identifier": null,
            "character_set_name": null,
            "copy_tags_to_snapshot": false,
            "custom_iam_instance_profile": null,
            "customer_owned_ip_enabled": null,
            "database_insights_mode": null,
            "db_name": "fintech_reconciliation",
            "db_subnet_group_name": "fintech-reconciliation-dev-db-subnet-group",
            "dedicated_log_volume": false,
            "delete_automated_backups": true,
            "deletion_protection": false,
            "domain": null,
            "domain_auth_secret_arn": null,
            "domain_dns_ips": null,
            "domain_fqdn": null,
            "domain_iam_role_name": null,
            "domain_ou": null,
            "enabled_cloudwatch_logs_exports": null,
            "endpoint": null,
            "engine": "postgres",
            "engine_lifecycle_support": null,
            "engine_version": "15.8",
            "engine_version_actual": null,
            "final_snapshot_identifier": null,
            "hosted_zone_id": null,
            "iam_database_authentication_enabled": null,
            "id": "db-XPEYSEX4ZZPDF7GRLPCM54KBGM",
            "identifier": "fintech-reconciliation-dev",
            "identifier_prefix": null,
            "instance_class": "db.t3.micro",
            "iops": null,
            "kms_key_id": null,
            "latest_restorable_time": null,
            "license_model": null,
            "listener_endpoint": null,
            "maintenance_window": "sun:04:00-sun:05:00",
            "manage_master_user_password": null,
            "master_user_secret": null,
            "master_user_secret_kms_key_id": null,
            "max_allocated_storage": 100,
            "monitoring_interval": 0,
            "monitoring_role_arn": null,
            "multi_az": false,
            "nchar_character_set_name": null,
            "network_type": null,
            "option_group_name": null,
            "parameter_group_name": null,
            "password": "ctEE0Ezmtcp_lRzVCseLTfqJ$SUh+hAl",
            "password_wo": null,
            "password_wo_version": null,
            "performance_insights_enabled": false,
            "performance_insights_kms_key_id": null,
            "performance_insights_retention_period": null,
            "port": null,
            "publicly_accessible": false,
            "replica_mode": null,
            "replicas": null,
            "replicate_source_db": null,
            "resource_id": null,
            "restore_to_point_in_time": [],
            "s3_import": [],
            "skip_final_snapshot": true,
            "snapshot_identifier": null,
            "status": null,
            "storage_encrypted": true,
            "storage_throughput": null,
            "storage_type": "gp3",
            "tags": {
              "CostCenter": "development",
              "Environment": "dev",
              "ManagedBy": "terraform",
              "Name": "fintech-reconciliation-dev-db",
              "Owner": "dev-team",
              "Project": "fintech-reconciliation"
            },
            "tags_all": {
              "CostCenter": "development",
              "Environment": "dev",
              "ManagedBy": "terraform",
              "Name": "fintech-reconciliation-dev-db",
              "Owner": "dev-team",
              "Project": "fintech-reconciliation"
            },
            "timeouts": null,
            "timezone": null,
            "upgrade_storage_config": null,
            "username": "fintech",
            "vpc_security_group_ids": [
              "sg-034a02a63976dce7e"
            ]
          },
          "sensitive_attributes": [
            [
              {
                "type": "get_attr",
                "value": "password"
              }
            ],
            [
              {
                "type": "get_attr",
                "value": "password_wo"
              }
            ]
          ],
          "identity_schema_version": 0,
          "private": "eyJlMmJmYjczMC1lY2FhLTExZTYtOGY4OC0zNDM2M2JjN2M0YzAiOnsiY3JlYXRlIjozMDAwMDAwMDAwMDAwLCJkZWxldGUiOjM2MDAwMDAwMDAwMDAsInVwZGF0ZSI6NDgwMDAwMDAwMDAwMH0sInNjaGVtYV92ZXJzaW9uIjoiMiJ9",
          "dependencies": [
            "aws_security_group.ecs",
            "module.rds.aws_db_subnet_group.main",
            "module.rds.aws_security_group.rds",
            "module.vpc.aws_subnet.private",
            "module.vpc.aws_vpc.main",
            "module.vpc.data.aws_availability_zones.available",
            "random_password.db_password"
          ]
        }
      ]
    },
    {
      "module": "module.rds",
      "mode": "managed",
      "type": "aws_db_subnet_group",
      "name": "main",
      "provider": "provider[\"registry.terraform.io/hashicorp/aws\"]",
      "instances": [
        {
          "schema_version": 0,
          "attributes": {
            "arn": "arn:aws:rds:us-east-1:664882921839:subgrp:fintech-reconciliation-dev-db-subnet-group",
            "description": "Managed by Terraform",
            "id": "fintech-reconciliation-dev-db-subnet-group",
            "name": "fintech-reconciliation-dev-db-subnet-group",
            "name_prefix": "",
            "subnet_ids": [
              "subnet-01840aa5142a9ba0f",
              "subnet-09f3190cf79e7f0e1"
            ],
            "supported_network_types": [
              "IPV4"
            ],
            "tags": {
              "CostCenter": "development",
              "Environment": "dev",
              "ManagedBy": "terraform",
              "Name": "fintech-reconciliation-dev-db-subnet-group",
              "Owner": "dev-team",
              "Project": "fintech-reconciliation"
            },
            "tags_all": {
              "CostCenter": "development",
              "Environment": "dev",
              "ManagedBy": "terraform",
              "Name": "fintech-reconciliation-dev-db-subnet-group",
              "Owner": "dev-team",
              "Project": "fintech-reconciliation"
            },
            "vpc_id": "vpc-0c881921c13fc42cb"
          },
          "sensitive_attributes": [],
          "identity_schema_version": 0,
          "private": "bnVsbA==",
          "dependencies": [
            "module.vpc.aws_subnet.private",
            "module.vpc.aws_vpc.main",
            "module.vpc.data.aws_availability_zones.available"
          ]
        }
      ]
    },
    {
      "module": "module.rds",
      "mode": "managed",
      "type": "aws_security_group",
      "name": "rds",
      "provider": "provider[\"registry.terraform.io/hashicorp/aws\"]",
      "instances": [
        {
          "schema_version": 1,
          "attributes": {
            "arn": "arn:aws:ec2:us-east-1:664882921839:security-group/sg-034a02a63976dce7e",
            "description": "Managed by Terraform",
            "egress": [],
            "id": "sg-034a02a63976dce7e",
            "ingress": [
              {
                "cidr_blocks": [],
                "description": "",
                "from_port": 5432,
                "ipv6_cidr_blocks": [],
                "prefix_list_ids": [],
                "protocol": "tcp",
                "security_groups": [
                  "sg-02d652184e088fb50"
                ],
                "self": false,
                "to_port": 5432
              }
            ],
            "name": "fintech-reconciliation-dev-rds-20251008173807280800000005",
            "name_prefix": "fintech-reconciliation-dev-rds-",
            "owner_id": "664882921839",
            "revoke_rules_on_delete": false,
            "tags": {
              "CostCenter": "development",
              "Environment": "dev",
              "ManagedBy": "terraform",
              "Name": "fintech-reconciliation-dev-rds-sg",
              "Owner": "dev-team",
              "Project": "fintech-reconciliation"
            },
            "tags_all": {
              "CostCenter": "development",
              "Environment": "dev",
              "ManagedBy": "terraform",
              "Name": "fintech-reconciliation-dev-rds-sg",
              "Owner": "dev-team",
              "Project": "fintech-reconciliation"
            },
            "timeouts": null,
            "vpc_id": "vpc-0c881921c13fc42cb"
          },
          "sensitive_attributes": [],
          "identity_schema_version": 0,
          "private": "eyJlMmJmYjczMC1lY2FhLTExZTYtOGY4OC0zNDM2M2JjN2M0YzAiOnsiY3JlYXRlIjo2MDAwMDAwMDAwMDAsImRlbGV0ZSI6OTAwMDAwMDAwMDAwfSwic2NoZW1hX3ZlcnNpb24iOiIxIn0=",
          "dependencies": [
            "aws_security_group.ecs",
            "module.vpc.aws_vpc.main"
          ]
        }
      ]
    },
    {
      "module": "module.s3",
      "mode": "managed",
      "type": "aws_s3_bucket",
      "name": "reports",
      "provider": "provider[\"registry.terraform.io/hashicorp/aws\"]",
      "instances": [
        {
          "schema_version": 0,
          "attributes": {
            "acceleration_status": "",
            "acl": null,
            "arn": "arn:aws:s3:::fintech-reconciliation-dev-reports-hl05fw4e",
            "bucket": "fintech-reconciliation-dev-reports-hl05fw4e",
            "bucket_domain_name": "fintech-reconciliation-dev-reports-hl05fw4e.s3.amazonaws.com",
            "bucket_prefix": "",
            "bucket_regional_domain_name": "fintech-reconciliation-dev-reports-hl05fw4e.s3.us-east-1.amazonaws.com",
            "cors_rule": [],
            "force_destroy": true,
            "grant": [
              {
                "id": "039e89a1e2255626724a38c89c587ed1bc83e0e40f9e199cd4effffc51135027",
                "permissions": [
                  "FULL_CONTROL"
                ],
                "type": "CanonicalUser",
                "uri": ""
              }
            ],
            "hosted_zone_id": "Z3AQBSTGFYJSTF",
            "id": "fintech-reconciliation-dev-reports-hl05fw4e",
            "lifecycle_rule": [],
            "logging": [],
            "object_lock_configuration": [],
            "object_lock_enabled": false,
            "policy": "",
            "region": "us-east-1",
            "replication_configuration": [],
            "request_payer": "BucketOwner",
            "server_side_encryption_configuration": [
              {
                "rule": [
                  {
                    "apply_server_side_encryption_by_default": [
                      {
                        "kms_master_key_id": "",
                        "sse_algorithm": "AES256"
                      }
                    ],
                    "bucket_key_enabled": false
                  }
                ]
              }
            ],
            "tags": {
              "CostCenter": "development",
              "Environment": "dev",
              "ManagedBy": "terraform",
              "Name": "fintech-reconciliation-dev-reports",
              "Owner": "dev-team",
              "Project": "fintech-reconciliation"
            },
            "tags_all": {
              "CostCenter": "development",
              "Environment": "dev",
              "ManagedBy": "terraform",
              "Name": "fintech-reconciliation-dev-reports",
              "Owner": "dev-team",
              "Project": "fintech-reconciliation"
            },
            "timeouts": null,
            "versioning": [
              {
                "enabled": false,
                "mfa_delete": false
              }
            ],
            "website": [],
            "website_domain": null,
            "website_endpoint": null
          },
          "sensitive_attributes": [],
          "identity_schema_version": 0,
          "private": "eyJlMmJmYjczMC1lY2FhLTExZTYtOGY4OC0zNDM2M2JjN2M0YzAiOnsiY3JlYXRlIjoxMjAwMDAwMDAwMDAwLCJkZWxldGUiOjM2MDAwMDAwMDAwMDAsInJlYWQiOjEyMDAwMDAwMDAwMDAsInVwZGF0ZSI6MTIwMDAwMDAwMDAwMH19",
          "dependencies": [
            "module.s3.random_string.suffix"
          ]
        }
      ]
    },
    {
      "module": "module.s3",
      "mode": "managed",
      "type": "aws_s3_bucket_server_side_encryption_configuration",
      "name": "reports",
      "provider": "provider[\"registry.terraform.io/hashicorp/aws\"]",
      "instances": [
        {
          "schema_version": 0,
          "attributes": {
            "bucket": "fintech-reconciliation-dev-reports-hl05fw4e",
            "expected_bucket_owner": "",
            "id": "fintech-reconciliation-dev-reports-hl05fw4e",
            "rule": [
              {
                "apply_server_side_encryption_by_default": [
                  {
                    "kms_master_key_id": "",
                    "sse_algorithm": "AES256"
                  }
                ],
                "bucket_key_enabled": false
              }
            ]
          },
          "sensitive_attributes": [],
          "identity_schema_version": 0,
          "private": "bnVsbA==",
          "dependencies": [
            "module.s3.aws_s3_bucket.reports",
            "module.s3.random_string.suffix"
          ]
        }
      ]
    },
    {
      "module": "module.s3",
      "mode": "managed",
      "type": "aws_s3_bucket_versioning",
      "name": "reports",
      "provider": "provider[\"registry.terraform.io/hashicorp/aws\"]",
      "instances": [
        {
          "schema_version": 0,
          "attributes": {
            "bucket": "fintech-reconciliation-dev-reports-hl05fw4e",
            "expected_bucket_owner": "",
            "id": "fintech-reconciliation-dev-reports-hl05fw4e",
            "mfa": null,
            "versioning_configuration": [
              {
                "mfa_delete": "",
                "status": "Suspended"
              }
            ]
          },
          "sensitive_attributes": [],
          "identity_schema_version": 0,
          "private": "bnVsbA==",
          "dependencies": [
            "module.s3.aws_s3_bucket.reports",
            "module.s3.random_string.suffix"
          ]
        }
      ]
    },
    {
      "module": "module.s3",
      "mode": "managed",
      "type": "random_string",
      "name": "suffix",
      "provider": "provider[\"registry.terraform.io/hashicorp/random\"]",
      "instances": [
        {
          "schema_version": 2,
          "attributes": {
            "id": "hl05fw4e",
            "keepers": null,
            "length": 8,
            "lower": true,
            "min_lower": 0,
            "min_numeric": 0,
            "min_special": 0,
            "min_upper": 0,
            "number": true,
            "numeric": true,
            "override_special": null,
            "result": "hl05fw4e",
            "special": false,
            "upper": false
          },
          "sensitive_attributes": [],
          "identity_schema_version": 0
        }
      ]
    },
    {
      "module": "module.secrets",
      "mode": "managed",
      "type": "aws_secretsmanager_secret",
      "name": "db_password",
      "provider": "provider[\"registry.terraform.io/hashicorp/aws\"]",
      "instances": [
        {
          "schema_version": 0,
          "attributes": {
            "arn": "arn:aws:secretsmanager:us-east-1:664882921839:secret:fintech-reconciliation-dev-db-password-267w8v",
            "description": "Database password for fintech-reconciliation dev",
            "force_overwrite_replica_secret": false,
            "id": "arn:aws:secretsmanager:us-east-1:664882921839:secret:fintech-reconciliation-dev-db-password-267w8v",
            "kms_key_id": "",
            "name": "fintech-reconciliation-dev-db-password",
            "name_prefix": "",
            "policy": "",
            "recovery_window_in_days": 30,
            "replica": [],
            "tags": {
              "CostCenter": "development",
              "Environment": "dev",
              "ManagedBy": "terraform",
              "Name": "fintech-reconciliation-dev-db-password",
              "Owner": "dev-team",
              "Project": "fintech-reconciliation"
            },
            "tags_all": {
              "CostCenter": "development",
              "Environment": "dev",
              "ManagedBy": "terraform",
              "Name": "fintech-reconciliation-dev-db-password",
              "Owner": "dev-team",
              "Project": "fintech-reconciliation"
            }
          },
          "sensitive_attributes": [],
          "identity_schema_version": 0,
          "private": "bnVsbA=="
        }
      ]
    },
    {
      "module": "module.secrets",
      "mode": "managed",
      "type": "aws_secretsmanager_secret_version",
      "name": "db_password",
      "provider": "provider[\"registry.terraform.io/hashicorp/aws\"]",
      "instances": [
        {
          "schema_version": 0,
          "attributes": {
            "arn": "arn:aws:secretsmanager:us-east-1:664882921839:secret:fintech-reconciliation-dev-db-password-267w8v",
            "has_secret_string_wo": null,
            "id": "arn:aws:secretsmanager:us-east-1:664882921839:secret:fintech-reconciliation-dev-db-password-267w8v|terraform-20251008174829466500000002",
            "secret_binary": "",
            "secret_id": "arn:aws:secretsmanager:us-east-1:664882921839:secret:fintech-reconciliation-dev-db-password-267w8v",
            "secret_string": "ctEE0Ezmtcp_lRzVCseLTfqJ$SUh+hAl",
            "secret_string_wo": null,
            "secret_string_wo_version": null,
            "version_id": "terraform-20251008174829466500000002",
            "version_stages": [
              "AWSCURRENT"
            ]
          },
          "sensitive_attributes": [
            [
              {
                "type": "get_attr",
                "value": "secret_binary"
              }
            ],
            [
              {
                "type": "get_attr",
                "value": "secret_string"
              }
            ],
            [
              {
                "type": "get_attr",
                "value": "secret_string_wo"
              }
            ]
          ],
          "identity_schema_version": 0,
          "private": "bnVsbA==",
          "dependencies": [
            "module.secrets.aws_secretsmanager_secret.db_password",
            "random_password.db_password"
          ]
        }
      ]
    },
    {
      "module": "module.ses",
      "mode": "data",
      "type": "aws_caller_identity",
      "name": "current",
      "provider": "provider[\"registry.terraform.io/hashicorp/aws\"]",
      "instances": [
        {
          "schema_version": 0,
          "attributes": {
            "account_id": "664882921839",
            "arn": "arn:aws:iam::664882921839:user/Anthony",
            "id": "664882921839",
            "user_id": "AIDAZVTQ4IFXQYLM4U6DX"
          },
          "sensitive_attributes": [],
          "identity_schema_version": 0
        }
      ]
    },
    {
      "module": "module.ses",
      "mode": "data",
      "type": "aws_region",
      "name": "current",
      "provider": "provider[\"registry.terraform.io/hashicorp/aws\"]",
      "instances": [
        {
          "schema_version": 0,
          "attributes": {
            "description": "US East (N. Virginia)",
            "endpoint": "ec2.us-east-1.amazonaws.com",
            "id": "us-east-1",
            "name": "us-east-1"
          },
          "sensitive_attributes": [],
          "identity_schema_version": 0
        }
      ]
    },
    {
      "module": "module.ses",
      "mode": "managed",
      "type": "aws_iam_policy",
      "name": "ses_send_policy",
      "provider": "provider[\"registry.terraform.io/hashicorp/aws\"]",
      "instances": [
        {
          "schema_version": 0,
          "attributes": {
            "arn": "arn:aws:iam::664882921839:policy/fintech-reconciliation-dev-ses-send-policy",
            "attachment_count": 0,
            "description": "Policy to allow sending emails via SES",
            "id": "arn:aws:iam::664882921839:policy/fintech-reconciliation-dev-ses-send-policy",
            "name": "fintech-reconciliation-dev-ses-send-policy",
            "name_prefix": "",
            "path": "/",
            "policy": "{\"Statement\":[{\"Action\":[\"ses:SendEmail\",\"ses:SendRawEmail\"],\"Effect\":\"Allow\",\"Resource\":[\"arn:aws:ses:us-east-1:664882921839:identity/uketuianthony@gmail.com\",\"arn:aws:ses:us-east-1:664882921839:identity/uketuianthony@gmail.com\",\"arn:aws:ses:us-east-1:664882921839:configuration-set/fintech-reconciliation-dev-config-set\"]}],\"Version\":\"2012-10-17\"}",
            "policy_id": "ANPAZVTQ4IFXS4V5RLPMI",
            "tags": {
              "CostCenter": "development",
              "Environment": "dev",
              "ManagedBy": "terraform",
              "Owner": "dev-team",
              "Project": "fintech-reconciliation"
            },
            "tags_all": {
              "CostCenter": "development",
              "Environment": "dev",
              "ManagedBy": "terraform",
              "Owner": "dev-team",
              "Project": "fintech-reconciliation"
            }
          },
          "sensitive_attributes": [],
          "identity_schema_version": 0,
          "private": "bnVsbA==",
          "dependencies": [
            "module.ses.aws_ses_configuration_set.main",
            "module.ses.aws_ses_email_identity.operations",
            "module.ses.aws_ses_email_identity.sender",
            "module.ses.data.aws_caller_identity.current",
            "module.ses.data.aws_region.current"
          ]
        }
      ]
    },
    {
      "module": "module.ses",
      "mode": "managed",
      "type": "aws_ses_configuration_set",
      "name": "main",
      "provider": "provider[\"registry.terraform.io/hashicorp/aws\"]",
      "instances": [
        {
          "schema_version": 0,
          "attributes": {
            "arn": "arn:aws:ses:us-east-1:664882921839:configuration-set/fintech-reconciliation-dev-config-set",
            "delivery_options": [],
            "id": "fintech-reconciliation-dev-config-set",
            "last_fresh_start": "0001-01-01T00:00:00Z",
            "name": "fintech-reconciliation-dev-config-set",
            "reputation_metrics_enabled": false,
            "sending_enabled": true,
            "tracking_options": []
          },
          "sensitive_attributes": [],
          "identity_schema_version": 0,
          "private": "bnVsbA=="
        }
      ]
    },
    {
      "module": "module.ses",
      "mode": "managed",
      "type": "aws_ses_email_identity",
      "name": "operations",
      "provider": "provider[\"registry.terraform.io/hashicorp/aws\"]",
      "instances": [
        {
          "schema_version": 0,
          "attributes": {
            "arn": "arn:aws:ses:us-east-1:664882921839:identity/uketuianthony@gmail.com",
            "email": "uketuianthony@gmail.com",
            "id": "uketuianthony@gmail.com"
          },
          "sensitive_attributes": [],
          "identity_schema_version": 0,
          "private": "bnVsbA=="
        }
      ]
    },
    {
      "module": "module.ses",
      "mode": "managed",
      "type": "aws_ses_email_identity",
      "name": "sender",
      "provider": "provider[\"registry.terraform.io/hashicorp/aws\"]",
      "instances": [
        {
          "schema_version": 0,
          "attributes": {
            "arn": "arn:aws:ses:us-east-1:664882921839:identity/uketuianthony@gmail.com",
            "email": "uketuianthony@gmail.com",
            "id": "uketuianthony@gmail.com"
          },
          "sensitive_attributes": [],
          "identity_schema_version": 0,
          "private": "bnVsbA=="
        }
      ]
    },
    {
      "module": "module.vpc",
      "mode": "data",
      "type": "aws_availability_zones",
      "name": "available",
      "provider": "provider[\"registry.terraform.io/hashicorp/aws\"]",
      "instances": [
        {
          "schema_version": 0,
          "attributes": {
            "all_availability_zones": null,
            "exclude_names": null,
            "exclude_zone_ids": null,
            "filter": null,
            "group_names": [
              "us-east-1-zg-1"
            ],
            "id": "us-east-1",
            "names": [
              "us-east-1a",
              "us-east-1b",
              "us-east-1c",
              "us-east-1d",
              "us-east-1e",
              "us-east-1f"
            ],
            "state": "available",
            "timeouts": null,
            "zone_ids": [
              "use1-az1",
              "use1-az2",
              "use1-az4",
              "use1-az6",
              "use1-az3",
              "use1-az5"
            ]
          },
          "sensitive_attributes": [],
          "identity_schema_version": 0
        }
      ]
    },
    {
      "module": "module.vpc",
      "mode": "data",
      "type": "aws_region",
      "name": "current",
      "provider": "provider[\"registry.terraform.io/hashicorp/aws\"]",
      "instances": [
        {
          "schema_version": 0,
          "attributes": {
            "description": "US East (N. Virginia)",
            "endpoint": "ec2.us-east-1.amazonaws.com",
            "id": "us-east-1",
            "name": "us-east-1"
          },
          "sensitive_attributes": [],
          "identity_schema_version": 0
        }
      ]
    },
    {
      "module": "module.vpc",
      "mode": "managed",
      "type": "aws_eip",
      "name": "nat",
      "provider": "provider[\"registry.terraform.io/hashicorp/aws\"]",
      "instances": []
    },
    {
      "module": "module.vpc",
      "mode": "managed",
      "type": "aws_internet_gateway",
      "name": "main",
      "provider": "provider[\"registry.terraform.io/hashicorp/aws\"]",
      "instances": [
        {
          "schema_version": 0,
          "attributes": {
            "arn": "arn:aws:ec2:us-east-1:664882921839:internet-gateway/igw-0632faaf282d52da1",
            "id": "igw-0632faaf282d52da1",
            "owner_id": "664882921839",
            "tags": {
              "CostCenter": "development",
              "Environment": "dev",
              "ManagedBy": "terraform",
              "Name": "fintech-reconciliation-dev-igw",
              "Owner": "dev-team",
              "Project": "fintech-reconciliation"
            },
            "tags_all": {
              "CostCenter": "development",
              "Environment": "dev",
              "ManagedBy": "terraform",
              "Name": "fintech-reconciliation-dev-igw",
              "Owner": "dev-team",
              "Project": "fintech-reconciliation"
            },
            "timeouts": null,
            "vpc_id": "vpc-0c881921c13fc42cb"
          },
          "sensitive_attributes": [],
          "identity_schema_version": 0,
          "private": "eyJlMmJmYjczMC1lY2FhLTExZTYtOGY4OC0zNDM2M2JjN2M0YzAiOnsiY3JlYXRlIjoxMjAwMDAwMDAwMDAwLCJkZWxldGUiOjEyMDAwMDAwMDAwMDAsInVwZGF0ZSI6MTIwMDAwMDAwMDAwMH19",
          "dependencies": [
            "module.vpc.aws_vpc.main"
          ]
        }
      ]
    },
    {
      "module": "module.vpc",
      "mode": "managed",
      "type": "aws_nat_gateway",
      "name": "main",
      "provider": "provider[\"registry.terraform.io/hashicorp/aws\"]",
      "instances": []
    },
    {
      "module": "module.vpc",
      "mode": "managed",
      "type": "aws_route_table",
      "name": "private",
      "provider": "provider[\"registry.terraform.io/hashicorp/aws\"]",
      "instances": [
        {
          "index_key": 0,
          "schema_version": 0,
          "attributes": {
            "arn": "arn:aws:ec2:us-east-1:664882921839:route-table/rtb-02cffe8dc8641da5e",
            "id": "rtb-02cffe8dc8641da5e",
            "owner_id": "664882921839",
            "propagating_vgws": [],
            "route": [],
            "tags": {
              "CostCenter": "development",
              "Environment": "dev",
              "ManagedBy": "terraform",
              "Name": "fintech-reconciliation-dev-private-rt-1",
              "Owner": "dev-team",
              "Project": "fintech-reconciliation"
            },
            "tags_all": {
              "CostCenter": "development",
              "Environment": "dev",
              "ManagedBy": "terraform",
              "Name": "fintech-reconciliation-dev-private-rt-1",
              "Owner": "dev-team",
              "Project": "fintech-reconciliation"
            },
            "timeouts": null,
            "vpc_id": "vpc-0c881921c13fc42cb"
          },
          "sensitive_attributes": [],
          "identity_schema_version": 0,
          "private": "eyJlMmJmYjczMC1lY2FhLTExZTYtOGY4OC0zNDM2M2JjN2M0YzAiOnsiY3JlYXRlIjozMDAwMDAwMDAwMDAsImRlbGV0ZSI6MzAwMDAwMDAwMDAwLCJ1cGRhdGUiOjEyMDAwMDAwMDAwMH19",
          "dependencies": [
            "module.vpc.aws_eip.nat",
            "module.vpc.aws_nat_gateway.main",
            "module.vpc.aws_subnet.public",
            "module.vpc.aws_vpc.main",
            "module.vpc.data.aws_availability_zones.available"
          ]
        }
      ]
    },
    {
      "module": "module.vpc",
      "mode": "managed",
      "type": "aws_route_table",
      "name": "public",
      "provider": "provider[\"registry.terraform.io/hashicorp/aws\"]",
      "instances": [
        {
          "schema_version": 0,
          "attributes": {
            "arn": "arn:aws:ec2:us-east-1:664882921839:route-table/rtb-0c25cd69edcac236a",
            "id": "rtb-0c25cd69edcac236a",
            "owner_id": "664882921839",
            "propagating_vgws": [],
            "route": [
              {
                "carrier_gateway_id": "",
                "cidr_block": "0.0.0.0/0",
                "core_network_arn": "",
                "destination_prefix_list_id": "",
                "egress_only_gateway_id": "",
                "gateway_id": "igw-0632faaf282d52da1",
                "ipv6_cidr_block": "",
                "local_gateway_id": "",
                "nat_gateway_id": "",
                "network_interface_id": "",
                "transit_gateway_id": "",
                "vpc_endpoint_id": "",
                "vpc_peering_connection_id": ""
              }
            ],
            "tags": {
              "CostCenter": "development",
              "Environment": "dev",
              "ManagedBy": "terraform",
              "Name": "fintech-reconciliation-dev-public-rt",
              "Owner": "dev-team",
              "Project": "fintech-reconciliation"
            },
            "tags_all": {
              "CostCenter": "development",
              "Environment": "dev",
              "ManagedBy": "terraform",
              "Name": "fintech-reconciliation-dev-public-rt",
              "Owner": "dev-team",
              "Project": "fintech-reconciliation"
            },
            "timeouts": null,
            "vpc_id": "vpc-0c881921c13fc42cb"
          },
          "sensitive_attributes": [],
          "identity_schema_version": 0,
          "private": "eyJlMmJmYjczMC1lY2FhLTExZTYtOGY4OC0zNDM2M2JjN2M0YzAiOnsiY3JlYXRlIjozMDAwMDAwMDAwMDAsImRlbGV0ZSI6MzAwMDAwMDAwMDAwLCJ1cGRhdGUiOjEyMDAwMDAwMDAwMH19",
          "dependencies": [
            "module.vpc.aws_internet_gateway.main",
            "module.vpc.aws_vpc.main"
          ]
        }
      ]
    },
    {
      "module": "module.vpc",
      "mode": "managed",
      "type": "aws_route_table_association",
      "name": "private",
      "provider": "provider[\"registry.terraform.io/hashicorp/aws\"]",
      "instances": [
        {
          "index_key": 0,
          "schema_version": 0,
          "attributes": {
            "gateway_id": "",
            "id": "rtbassoc-049046250d4b7324e",
            "route_table_id": "rtb-02cffe8dc8641da5e",
            "subnet_id": "subnet-09f3190cf79e7f0e1",
            "timeouts": null
          },
          "sensitive_attributes": [],
          "identity_schema_version": 0,
          "private": "eyJlMmJmYjczMC1lY2FhLTExZTYtOGY4OC0zNDM2M2JjN2M0YzAiOnsiY3JlYXRlIjozMDAwMDAwMDAwMDAsImRlbGV0ZSI6MzAwMDAwMDAwMDAwLCJ1cGRhdGUiOjEyMDAwMDAwMDAwMH19",
          "dependencies": [
            "module.vpc.aws_eip.nat",
            "module.vpc.aws_nat_gateway.main",
            "module.vpc.aws_route_table.private",
            "module.vpc.aws_subnet.private",
            "module.vpc.aws_subnet.public",
            "module.vpc.aws_vpc.main",
            "module.vpc.data.aws_availability_zones.available"
          ]
        },
        {
          "index_key": 1,
          "schema_version": 0,
          "attributes": {
            "gateway_id": "",
            "id": "rtbassoc-0caf274e6943217d8",
            "route_table_id": "rtb-02cffe8dc8641da5e",
            "subnet_id": "subnet-01840aa5142a9ba0f",
            "timeouts": null
          },
          "sensitive_attributes": [],
          "identity_schema_version": 0,
          "private": "eyJlMmJmYjczMC1lY2FhLTExZTYtOGY4OC0zNDM2M2JjN2M0YzAiOnsiY3JlYXRlIjozMDAwMDAwMDAwMDAsImRlbGV0ZSI6MzAwMDAwMDAwMDAwLCJ1cGRhdGUiOjEyMDAwMDAwMDAwMH19",
          "dependencies": [
            "module.vpc.aws_eip.nat",
            "module.vpc.aws_nat_gateway.main",
            "module.vpc.aws_route_table.private",
            "module.vpc.aws_subnet.private",
            "module.vpc.aws_subnet.public",
            "module.vpc.aws_vpc.main",
            "module.vpc.data.aws_availability_zones.available"
          ]
        }
      ]
    },
    {
      "module": "module.vpc",
      "mode": "managed",
      "type": "aws_route_table_association",
      "name": "public",
      "provider": "provider[\"registry.terraform.io/hashicorp/aws\"]",
      "instances": [
        {
          "index_key": 0,
          "schema_version": 0,
          "attributes": {
            "gateway_id": "",
            "id": "rtbassoc-0e08bdeabda615d46",
            "route_table_id": "rtb-0c25cd69edcac236a",
            "subnet_id": "subnet-0031aa58217fff905",
            "timeouts": null
          },
          "sensitive_attributes": [],
          "identity_schema_version": 0,
          "private": "eyJlMmJmYjczMC1lY2FhLTExZTYtOGY4OC0zNDM2M2JjN2M0YzAiOnsiY3JlYXRlIjozMDAwMDAwMDAwMDAsImRlbGV0ZSI6MzAwMDAwMDAwMDAwLCJ1cGRhdGUiOjEyMDAwMDAwMDAwMH19",
          "dependencies": [
            "module.vpc.aws_internet_gateway.main",
            "module.vpc.aws_route_table.public",
            "module.vpc.aws_subnet.public",
            "module.vpc.aws_vpc.main",
            "module.vpc.data.aws_availability_zones.available"
          ]
        }
      ]
    },
    {
      "module": "module.vpc",
      "mode": "managed",
      "type": "aws_security_group",
      "name": "vpc_endpoints",
      "provider": "provider[\"registry.terraform.io/hashicorp/aws\"]",
      "instances": [
        {
          "schema_version": 1,
          "attributes": {
            "arn": "arn:aws:ec2:us-east-1:664882921839:security-group/sg-082ba8b7eeb5717ea",
            "description": "Managed by Terraform",
            "egress": [
              {
                "cidr_blocks": [
                  "0.0.0.0/0"
                ],
                "description": "",
                "from_port": 0,
                "ipv6_cidr_blocks": [],
                "prefix_list_ids": [],
                "protocol": "-1",
                "security_groups": [],
                "self": false,
                "to_port": 0
              }
            ],
            "id": "sg-082ba8b7eeb5717ea",
            "ingress": [
              {
                "cidr_blocks": [
                  "10.0.0.0/16"
                ],
                "description": "",
                "from_port": 443,
                "ipv6_cidr_blocks": [],
                "prefix_list_ids": [],
                "protocol": "tcp",
                "security_groups": [],
                "self": false,
                "to_port": 443
              }
            ],
            "name": "fintech-reconciliation-dev-vpc-endpoints-20251008173757048100000003",
            "name_prefix": "fintech-reconciliation-dev-vpc-endpoints-",
            "owner_id": "664882921839",
            "revoke_rules_on_delete": false,
            "tags": {
              "CostCenter": "development",
              "Environment": "dev",
              "ManagedBy": "terraform",
              "Name": "fintech-reconciliation-dev-vpc-endpoints-sg",
              "Owner": "dev-team",
              "Project": "fintech-reconciliation"
            },
            "tags_all": {
              "CostCenter": "development",
              "Environment": "dev",
              "ManagedBy": "terraform",
              "Name": "fintech-reconciliation-dev-vpc-endpoints-sg",
              "Owner": "dev-team",
              "Project": "fintech-reconciliation"
            },
            "timeouts": null,
            "vpc_id": "vpc-0c881921c13fc42cb"
          },
          "sensitive_attributes": [],
          "identity_schema_version": 0,
          "private": "eyJlMmJmYjczMC1lY2FhLTExZTYtOGY4OC0zNDM2M2JjN2M0YzAiOnsiY3JlYXRlIjo2MDAwMDAwMDAwMDAsImRlbGV0ZSI6OTAwMDAwMDAwMDAwfSwic2NoZW1hX3ZlcnNpb24iOiIxIn0=",
          "dependencies": [
            "module.vpc.aws_vpc.main"
          ]
        }
      ]
    },
    {
      "module": "module.vpc",
      "mode": "managed",
      "type": "aws_subnet",
      "name": "private",
      "provider": "provider[\"registry.terraform.io/hashicorp/aws\"]",
      "instances": [
        {
          "index_key": 0,
          "schema_version": 1,
          "attributes": {
            "arn": "arn:aws:ec2:us-east-1:664882921839:subnet/subnet-09f3190cf79e7f0e1",
            "assign_ipv6_address_on_creation": false,
            "availability_zone": "us-east-1a",
            "availability_zone_id": "use1-az1",
            "cidr_block": "10.0.1.0/24",
            "customer_owned_ipv4_pool": "",
            "enable_dns64": false,
            "enable_lni_at_device_index": 0,
            "enable_resource_name_dns_a_record_on_launch": false,
            "enable_resource_name_dns_aaaa_record_on_launch": false,
            "id": "subnet-09f3190cf79e7f0e1",
            "ipv6_cidr_block": "",
            "ipv6_cidr_block_association_id": "",
            "ipv6_native": false,
            "map_customer_owned_ip_on_launch": false,
            "map_public_ip_on_launch": false,
            "outpost_arn": "",
            "owner_id": "664882921839",
            "private_dns_hostname_type_on_launch": "ip-name",
            "tags": {
              "CostCenter": "development",
              "Environment": "dev",
              "ManagedBy": "terraform",
              "Name": "fintech-reconciliation-dev-private-1",
              "Owner": "dev-team",
              "Project": "fintech-reconciliation"
            },
            "tags_all": {
              "CostCenter": "development",
              "Environment": "dev",
              "ManagedBy": "terraform",
              "Name": "fintech-reconciliation-dev-private-1",
              "Owner": "dev-team",
              "Project": "fintech-reconciliation"
            },
            "timeouts": null,
            "vpc_id": "vpc-0c881921c13fc42cb"
          },
          "sensitive_attributes": [],
          "identity_schema_version": 0,
          "private": "eyJlMmJmYjczMC1lY2FhLTExZTYtOGY4OC0zNDM2M2JjN2M0YzAiOnsiY3JlYXRlIjo2MDAwMDAwMDAwMDAsImRlbGV0ZSI6MTIwMDAwMDAwMDAwMH0sInNjaGVtYV92ZXJzaW9uIjoiMSJ9",
          "dependencies": [
            "module.vpc.aws_vpc.main",
            "module.vpc.data.aws_availability_zones.available"
          ]
        },
        {
          "index_key": 1,
          "schema_version": 1,
          "attributes": {
            "arn": "arn:aws:ec2:us-east-1:664882921839:subnet/subnet-01840aa5142a9ba0f",
            "assign_ipv6_address_on_creation": false,
            "availability_zone": "us-east-1b",
            "availability_zone_id": "use1-az2",
            "cidr_block": "10.0.2.0/24",
            "customer_owned_ipv4_pool": "",
            "enable_dns64": false,
            "enable_lni_at_device_index": 0,
            "enable_resource_name_dns_a_record_on_launch": false,
            "enable_resource_name_dns_aaaa_record_on_launch": false,
            "id": "subnet-01840aa5142a9ba0f",
            "ipv6_cidr_block": "",
            "ipv6_cidr_block_association_id": "",
            "ipv6_native": false,
            "map_customer_owned_ip_on_launch": false,
            "map_public_ip_on_launch": false,
            "outpost_arn": "",
            "owner_id": "664882921839",
            "private_dns_hostname_type_on_launch": "ip-name",
            "tags": {
              "CostCenter": "development",
              "Environment": "dev",
              "ManagedBy": "terraform",
              "Name": "fintech-reconciliation-dev-private-2",
              "Owner": "dev-team",
              "Project": "fintech-reconciliation"
            },
            "tags_all": {
              "CostCenter": "development",
              "Environment": "dev",
              "ManagedBy": "terraform",
              "Name": "fintech-reconciliation-dev-private-2",
              "Owner": "dev-team",
              "Project": "fintech-reconciliation"
            },
            "timeouts": null,
            "vpc_id": "vpc-0c881921c13fc42cb"
          },
          "sensitive_attributes": [],
          "identity_schema_version": 0,
          "private": "eyJlMmJmYjczMC1lY2FhLTExZTYtOGY4OC0zNDM2M2JjN2M0YzAiOnsiY3JlYXRlIjo2MDAwMDAwMDAwMDAsImRlbGV0ZSI6MTIwMDAwMDAwMDAwMH0sInNjaGVtYV92ZXJzaW9uIjoiMSJ9",
          "dependencies": [
            "module.vpc.aws_vpc.main",
            "module.vpc.data.aws_availability_zones.available"
          ]
        }
      ]
    },
    {
      "module": "module.vpc",
      "mode": "managed",
      "type": "aws_subnet",
      "name": "public",
      "provider": "provider[\"registry.terraform.io/hashicorp/aws\"]",
      "instances": [
        {
          "index_key": 0,
          "schema_version": 1,
          "attributes": {
            "arn": "arn:aws:ec2:us-east-1:664882921839:subnet/subnet-0031aa58217fff905",
            "assign_ipv6_address_on_creation": false,
            "availability_zone": "us-east-1a",
            "availability_zone_id": "use1-az1",
            "cidr_block": "10.0.10.0/24",
            "customer_owned_ipv4_pool": "",
            "enable_dns64": false,
            "enable_lni_at_device_index": 0,
            "enable_resource_name_dns_a_record_on_launch": false,
            "enable_resource_name_dns_aaaa_record_on_launch": false,
            "id": "subnet-0031aa58217fff905",
            "ipv6_cidr_block": "",
            "ipv6_cidr_block_association_id": "",
            "ipv6_native": false,
            "map_customer_owned_ip_on_launch": false,
            "map_public_ip_on_launch": true,
            "outpost_arn": "",
            "owner_id": "664882921839",
            "private_dns_hostname_type_on_launch": "ip-name",
            "tags": {
              "CostCenter": "development",
              "Environment": "dev",
              "ManagedBy": "terraform",
              "Name": "fintech-reconciliation-dev-public-1",
              "Owner": "dev-team",
              "Project": "fintech-reconciliation"
            },
            "tags_all": {
              "CostCenter": "development",
              "Environment": "dev",
              "ManagedBy": "terraform",
              "Name": "fintech-reconciliation-dev-public-1",
              "Owner": "dev-team",
              "Project": "fintech-reconciliation"
            },
            "timeouts": null,
            "vpc_id": "vpc-0c881921c13fc42cb"
          },
          "sensitive_attributes": [],
          "identity_schema_version": 0,
          "private": "eyJlMmJmYjczMC1lY2FhLTExZTYtOGY4OC0zNDM2M2JjN2M0YzAiOnsiY3JlYXRlIjo2MDAwMDAwMDAwMDAsImRlbGV0ZSI6MTIwMDAwMDAwMDAwMH0sInNjaGVtYV92ZXJzaW9uIjoiMSJ9",
          "dependencies": [
            "module.vpc.aws_vpc.main",
            "module.vpc.data.aws_availability_zones.available"
          ]
        }
      ]
    },
    {
      "module": "module.vpc",
      "mode": "managed",
      "type": "aws_vpc",
      "name": "main",
      "provider": "provider[\"registry.terraform.io/hashicorp/aws\"]",
      "instances": [
        {
          "schema_version": 1,
          "attributes": {
            "arn": "arn:aws:ec2:us-east-1:664882921839:vpc/vpc-0c881921c13fc42cb",
            "assign_generated_ipv6_cidr_block": false,
            "cidr_block": "10.0.0.0/16",
            "default_network_acl_id": "acl-0ac39616e0e92f7d8",
            "default_route_table_id": "rtb-04cad0d98627f4f07",
            "default_security_group_id": "sg-06d00e1b9e6406c88",
            "dhcp_options_id": "dopt-0390ba1e66ff3f4ce",
            "enable_dns_hostnames": true,
            "enable_dns_support": true,
            "enable_network_address_usage_metrics": false,
            "id": "vpc-0c881921c13fc42cb",
            "instance_tenancy": "default",
            "ipv4_ipam_pool_id": null,
            "ipv4_netmask_length": null,
            "ipv6_association_id": "",
            "ipv6_cidr_block": "",
            "ipv6_cidr_block_network_border_group": "",
            "ipv6_ipam_pool_id": "",
            "ipv6_netmask_length": 0,
            "main_route_table_id": "rtb-04cad0d98627f4f07",
            "owner_id": "664882921839",
            "tags": {
              "CostCenter": "development",
              "Environment": "dev",
              "ManagedBy": "terraform",
              "Name": "fintech-reconciliation-dev-vpc",
              "Owner": "dev-team",
              "Project": "fintech-reconciliation"
            },
            "tags_all": {
              "CostCenter": "development",
              "Environment": "dev",
              "ManagedBy": "terraform",
              "Name": "fintech-reconciliation-dev-vpc",
              "Owner": "dev-team",
              "Project": "fintech-reconciliation"
            }
          },
          "sensitive_attributes": [],
          "identity_schema_version": 0,
          "private": "eyJzY2hlbWFfdmVyc2lvbiI6IjEifQ=="
        }
      ]
    },
    {
      "module": "module.vpc",
      "mode": "managed",
      "type": "aws_vpc_endpoint",
      "name": "ecr_api",
      "provider": "provider[\"registry.terraform.io/hashicorp/aws\"]",
      "instances": [
        {
          "schema_version": 0,
          "attributes": {
            "arn": "arn:aws:ec2:us-east-1:664882921839:vpc-endpoint/vpce-04629ffadd57dd862",
            "auto_accept": null,
            "cidr_blocks": [],
            "dns_entry": [
              {
                "dns_name": "vpce-04629ffadd57dd862-i24lh641.api.ecr.us-east-1.vpce.amazonaws.com",
                "hosted_zone_id": "Z7HUB22UULQXV"
              },
              {
                "dns_name": "vpce-04629ffadd57dd862-i24lh641-us-east-1b.api.ecr.us-east-1.vpce.amazonaws.com",
                "hosted_zone_id": "Z7HUB22UULQXV"
              },
              {
                "dns_name": "vpce-04629ffadd57dd862-i24lh641-us-east-1a.api.ecr.us-east-1.vpce.amazonaws.com",
                "hosted_zone_id": "Z7HUB22UULQXV"
              },
              {
                "dns_name": "api.ecr.us-east-1.amazonaws.com",
                "hosted_zone_id": "Z09964881GRIFPJE7QN6I"
              },
              {
                "dns_name": "ecr.us-east-1.api.aws",
                "hosted_zone_id": "Z00912843EQD3ONFV9YOT"
              }
            ],
            "dns_options": [
              {
                "dns_record_ip_type": "ipv4",
                "private_dns_only_for_inbound_resolver_endpoint": false
              }
            ],
            "id": "vpce-04629ffadd57dd862",
            "ip_address_type": "ipv4",
            "network_interface_ids": [
              "eni-039b9e8b0e48126a6",
              "eni-0412df8a66cdb8c03"
            ],
            "owner_id": "664882921839",
            "policy": "{\"Statement\":[{\"Action\":\"*\",\"Effect\":\"Allow\",\"Principal\":\"*\",\"Resource\":\"*\"}]}",
            "prefix_list_id": null,
            "private_dns_enabled": true,
            "requester_managed": false,
            "resource_configuration_arn": "",
            "route_table_ids": [],
            "security_group_ids": [
              "sg-082ba8b7eeb5717ea"
            ],
            "service_name": "com.amazonaws.us-east-1.ecr.api",
            "service_network_arn": "",
            "service_region": "us-east-1",
            "state": "available",
            "subnet_configuration": [
              {
                "ipv4": "10.0.1.159",
                "ipv6": "",
                "subnet_id": "subnet-09f3190cf79e7f0e1"
              },
              {
                "ipv4": "10.0.2.33",
                "ipv6": "",
                "subnet_id": "subnet-01840aa5142a9ba0f"
              }
            ],
            "subnet_ids": [
              "subnet-01840aa5142a9ba0f",
              "subnet-09f3190cf79e7f0e1"
            ],
            "tags": {
              "CostCenter": "development",
              "Environment": "dev",
              "ManagedBy": "terraform",
              "Name": "fintech-reconciliation-dev-ecr-api-endpoint",
              "Owner": "dev-team",
              "Project": "fintech-reconciliation"
            },
            "tags_all": {
              "CostCenter": "development",
              "Environment": "dev",
              "ManagedBy": "terraform",
              "Name": "fintech-reconciliation-dev-ecr-api-endpoint",
              "Owner": "dev-team",
              "Project": "fintech-reconciliation"
            },
            "timeouts": null,
            "vpc_endpoint_type": "Interface",
            "vpc_id": "vpc-0c881921c13fc42cb"
          },
          "sensitive_attributes": [],
          "identity_schema_version": 0,
          "private": "eyJlMmJmYjczMC1lY2FhLTExZTYtOGY4OC0zNDM2M2JjN2M0YzAiOnsiY3JlYXRlIjo2MDAwMDAwMDAwMDAsImRlbGV0ZSI6NjAwMDAwMDAwMDAwLCJ1cGRhdGUiOjYwMDAwMDAwMDAwMH19",
          "dependencies": [
            "module.vpc.aws_security_group.vpc_endpoints",
            "module.vpc.aws_subnet.private",
            "module.vpc.aws_vpc.main",
            "module.vpc.data.aws_availability_zones.available",
            "module.vpc.data.aws_region.current"
          ]
        }
      ]
    },
    {
      "module": "module.vpc",
      "mode": "managed",
      "type": "aws_vpc_endpoint",
      "name": "ecr_dkr",
      "provider": "provider[\"registry.terraform.io/hashicorp/aws\"]",
      "instances": [
        {
          "schema_version": 0,
          "attributes": {
            "arn": "arn:aws:ec2:us-east-1:664882921839:vpc-endpoint/vpce-0ac9eeeaa49d9c9c2",
            "auto_accept": null,
            "cidr_blocks": [],
            "dns_entry": [
              {
                "dns_name": "vpce-0ac9eeeaa49d9c9c2-1soegu0b.dkr.ecr.us-east-1.vpce.amazonaws.com",
                "hosted_zone_id": "Z7HUB22UULQXV"
              },
              {
                "dns_name": "vpce-0ac9eeeaa49d9c9c2-1soegu0b-us-east-1b.dkr.ecr.us-east-1.vpce.amazonaws.com",
                "hosted_zone_id": "Z7HUB22UULQXV"
              },
              {
                "dns_name": "vpce-0ac9eeeaa49d9c9c2-1soegu0b-us-east-1a.dkr.ecr.us-east-1.vpce.amazonaws.com",
                "hosted_zone_id": "Z7HUB22UULQXV"
              },
              {
                "dns_name": "dkr.ecr.us-east-1.amazonaws.com",
                "hosted_zone_id": "Z09870909VDSKB01AI33"
              },
              {
                "dns_name": "*.dkr.ecr.us-east-1.amazonaws.com",
                "hosted_zone_id": "Z09870909VDSKB01AI33"
              },
              {
                "dns_name": "dkr-ecr.us-east-1.on.aws",
                "hosted_zone_id": "Z00920253HFIHXODN1QLZ"
              },
              {
                "dns_name": "*.dkr-ecr.us-east-1.on.aws",
                "hosted_zone_id": "Z00920253HFIHXODN1QLZ"
              }
            ],
            "dns_options": [
              {
                "dns_record_ip_type": "ipv4",
                "private_dns_only_for_inbound_resolver_endpoint": false
              }
            ],
            "id": "vpce-0ac9eeeaa49d9c9c2",
            "ip_address_type": "ipv4",
            "network_interface_ids": [
              "eni-04a2bd5d4cc832edb",
              "eni-0a5653ef2c3d2011f"
            ],
            "owner_id": "664882921839",
            "policy": "{\"Statement\":[{\"Action\":\"*\",\"Effect\":\"Allow\",\"Principal\":\"*\",\"Resource\":\"*\"}]}",
            "prefix_list_id": null,
            "private_dns_enabled": true,
            "requester_managed": false,
            "resource_configuration_arn": "",
            "route_table_ids": [],
            "security_group_ids": [
              "sg-082ba8b7eeb5717ea"
            ],
            "service_name": "com.amazonaws.us-east-1.ecr.dkr",
            "service_network_arn": "",
            "service_region": "us-east-1",
            "state": "available",
            "subnet_configuration": [
              {
                "ipv4": "10.0.1.93",
                "ipv6": "",
                "subnet_id": "subnet-09f3190cf79e7f0e1"
              },
              {
                "ipv4": "10.0.2.30",
                "ipv6": "",
                "subnet_id": "subnet-01840aa5142a9ba0f"
              }
            ],
            "subnet_ids": [
              "subnet-01840aa5142a9ba0f",
              "subnet-09f3190cf79e7f0e1"
            ],
            "tags": {
              "CostCenter": "development",
              "Environment": "dev",
              "ManagedBy": "terraform",
              "Name": "fintech-reconciliation-dev-ecr-dkr-endpoint",
              "Owner": "dev-team",
              "Project": "fintech-reconciliation"
            },
            "tags_all": {
              "CostCenter": "development",
              "Environment": "dev",
              "ManagedBy": "terraform",
              "Name": "fintech-reconciliation-dev-ecr-dkr-endpoint",
              "Owner": "dev-team",
              "Project": "fintech-reconciliation"
            },
            "timeouts": null,
            "vpc_endpoint_type": "Interface",
            "vpc_id": "vpc-0c881921c13fc42cb"
          },
          "sensitive_attributes": [],
          "identity_schema_version": 0,
          "private": "eyJlMmJmYjczMC1lY2FhLTExZTYtOGY4OC0zNDM2M2JjN2M0YzAiOnsiY3JlYXRlIjo2MDAwMDAwMDAwMDAsImRlbGV0ZSI6NjAwMDAwMDAwMDAwLCJ1cGRhdGUiOjYwMDAwMDAwMDAwMH19",
          "dependencies": [
            "module.vpc.aws_security_group.vpc_endpoints",
            "module.vpc.aws_subnet.private",
            "module.vpc.aws_vpc.main",
            "module.vpc.data.aws_availability_zones.available",
            "module.vpc.data.aws_region.current"
          ]
        }
      ]
    },
    {
      "module": "module.vpc",
      "mode": "managed",
      "type": "aws_vpc_endpoint",
      "name": "logs",
      "provider": "provider[\"registry.terraform.io/hashicorp/aws\"]",
      "instances": [
        {
          "schema_version": 0,
          "attributes": {
            "arn": "arn:aws:ec2:us-east-1:664882921839:vpc-endpoint/vpce-0e92d87d60ba3d30f",
            "auto_accept": null,
            "cidr_blocks": [],
            "dns_entry": [
              {
                "dns_name": "vpce-0e92d87d60ba3d30f-qxscpe05.logs.us-east-1.vpce.amazonaws.com",
                "hosted_zone_id": "Z7HUB22UULQXV"
              },
              {
                "dns_name": "vpce-0e92d87d60ba3d30f-qxscpe05-us-east-1b.logs.us-east-1.vpce.amazonaws.com",
                "hosted_zone_id": "Z7HUB22UULQXV"
              },
              {
                "dns_name": "vpce-0e92d87d60ba3d30f-qxscpe05-us-east-1a.logs.us-east-1.vpce.amazonaws.com",
                "hosted_zone_id": "Z7HUB22UULQXV"
              },
              {
                "dns_name": "logs.us-east-1.amazonaws.com",
                "hosted_zone_id": "Z0092644O714AV8WZPOH"
              },
              {
                "dns_name": "streaming-logs.us-east-1.amazonaws.com",
                "hosted_zone_id": "Z00930906WK4F8831WNY"
              },
              {
                "dns_name": "streaming-logs.us-east-1.api.aws",
                "hosted_zone_id": "Z00197697IQBA3OYVLCY"
              },
              {
                "dns_name": "logs.us-east-1.api.aws",
                "hosted_zone_id": "Z009199910PHC14KT02LD"
              }
            ],
            "dns_options": [
              {
                "dns_record_ip_type": "ipv4",
                "private_dns_only_for_inbound_resolver_endpoint": false
              }
            ],
            "id": "vpce-0e92d87d60ba3d30f",
            "ip_address_type": "ipv4",
            "network_interface_ids": [
              "eni-09319425b6285fe13",
              "eni-0a3cca95ce3eefac6"
            ],
            "owner_id": "664882921839",
            "policy": "{\"Statement\":[{\"Action\":\"*\",\"Effect\":\"Allow\",\"Principal\":\"*\",\"Resource\":\"*\"}]}",
            "prefix_list_id": null,
            "private_dns_enabled": true,
            "requester_managed": false,
            "resource_configuration_arn": "",
            "route_table_ids": [],
            "security_group_ids": [
              "sg-082ba8b7eeb5717ea"
            ],
            "service_name": "com.amazonaws.us-east-1.logs",
            "service_network_arn": "",
            "service_region": "us-east-1",
            "state": "available",
            "subnet_configuration": [
              {
                "ipv4": "10.0.1.46",
                "ipv6": "",
                "subnet_id": "subnet-09f3190cf79e7f0e1"
              },
              {
                "ipv4": "10.0.2.12",
                "ipv6": "",
                "subnet_id": "subnet-01840aa5142a9ba0f"
              }
            ],
            "subnet_ids": [
              "subnet-01840aa5142a9ba0f",
              "subnet-09f3190cf79e7f0e1"
            ],
            "tags": {
              "CostCenter": "development",
              "Environment": "dev",
              "ManagedBy": "terraform",
              "Name": "fintech-reconciliation-dev-logs-endpoint",
              "Owner": "dev-team",
              "Project": "fintech-reconciliation"
            },
            "tags_all": {
              "CostCenter": "development",
              "Environment": "dev",
              "ManagedBy": "terraform",
              "Name": "fintech-reconciliation-dev-logs-endpoint",
              "Owner": "dev-team",
              "Project": "fintech-reconciliation"
            },
            "timeouts": null,
            "vpc_endpoint_type": "Interface",
            "vpc_id": "vpc-0c881921c13fc42cb"
          },
          "sensitive_attributes": [],
          "identity_schema_version": 0,
          "private": "eyJlMmJmYjczMC1lY2FhLTExZTYtOGY4OC0zNDM2M2JjN2M0YzAiOnsiY3JlYXRlIjo2MDAwMDAwMDAwMDAsImRlbGV0ZSI6NjAwMDAwMDAwMDAwLCJ1cGRhdGUiOjYwMDAwMDAwMDAwMH19",
          "dependencies": [
            "module.vpc.aws_security_group.vpc_endpoints",
            "module.vpc.aws_subnet.private",
            "module.vpc.aws_vpc.main",
            "module.vpc.data.aws_availability_zones.available",
            "module.vpc.data.aws_region.current"
          ]
        }
      ]
    },
    {
      "module": "module.vpc",
      "mode": "managed",
      "type": "aws_vpc_endpoint",
      "name": "s3",
      "provider": "provider[\"registry.terraform.io/hashicorp/aws\"]",
      "instances": [
        {
          "schema_version": 0,
          "attributes": {
            "arn": "arn:aws:ec2:us-east-1:664882921839:vpc-endpoint/vpce-050232685e3b23a18",
            "auto_accept": null,
            "cidr_blocks": [
              "16.15.176.0/20",
              "16.182.0.0/16",
              "18.34.0.0/19",
              "52.216.0.0/15",
              "54.231.0.0/16",
              "3.5.0.0/19",
              "18.34.232.0/21",
              "16.15.192.0/18"
            ],
            "dns_entry": [],
            "dns_options": [],
            "id": "vpce-050232685e3b23a18",
            "ip_address_type": "",
            "network_interface_ids": [],
            "owner_id": "664882921839",
            "policy": "{\"Statement\":[{\"Action\":\"*\",\"Effect\":\"Allow\",\"Principal\":\"*\",\"Resource\":\"*\"}],\"Version\":\"2008-10-17\"}",
            "prefix_list_id": "pl-63a5400a",
            "private_dns_enabled": false,
            "requester_managed": false,
            "resource_configuration_arn": "",
            "route_table_ids": [
              "rtb-02cffe8dc8641da5e"
            ],
            "security_group_ids": [],
            "service_name": "com.amazonaws.us-east-1.s3",
            "service_network_arn": "",
            "service_region": "us-east-1",
            "state": "available",
            "subnet_configuration": [],
            "subnet_ids": [],
            "tags": {
              "CostCenter": "development",
              "Environment": "dev",
              "ManagedBy": "terraform",
              "Name": "fintech-reconciliation-dev-s3-endpoint",
              "Owner": "dev-team",
              "Project": "fintech-reconciliation"
            },
            "tags_all": {
              "CostCenter": "development",
              "Environment": "dev",
              "ManagedBy": "terraform",
              "Name": "fintech-reconciliation-dev-s3-endpoint",
              "Owner": "dev-team",
              "Project": "fintech-reconciliation"
            },
            "timeouts": null,
            "vpc_endpoint_type": "Gateway",
            "vpc_id": "vpc-0c881921c13fc42cb"
          },
          "sensitive_attributes": [],
          "identity_schema_version": 0,
          "private": "eyJlMmJmYjczMC1lY2FhLTExZTYtOGY4OC0zNDM2M2JjN2M0YzAiOnsiY3JlYXRlIjo2MDAwMDAwMDAwMDAsImRlbGV0ZSI6NjAwMDAwMDAwMDAwLCJ1cGRhdGUiOjYwMDAwMDAwMDAwMH19",
          "dependencies": [
            "module.vpc.aws_eip.nat",
            "module.vpc.aws_nat_gateway.main",
            "module.vpc.aws_route_table.private",
            "module.vpc.aws_subnet.public",
            "module.vpc.aws_vpc.main",
            "module.vpc.data.aws_availability_zones.available",
            "module.vpc.data.aws_region.current"
          ]
        }
      ]
    },
    {
      "module": "module.vpc",
      "mode": "managed",
      "type": "aws_vpc_endpoint_route_table_association",
      "name": "s3",
      "provider": "provider[\"registry.terraform.io/hashicorp/aws\"]",
      "instances": [
        {
          "index_key": 0,
          "schema_version": 0,
          "attributes": {
            "id": "a-vpce-050232685e3b23a18415560416",
            "route_table_id": "rtb-02cffe8dc8641da5e",
            "vpc_endpoint_id": "vpce-050232685e3b23a18"
          },
          "sensitive_attributes": [],
          "identity_schema_version": 0,
          "private": "bnVsbA==",
          "dependencies": [
            "module.vpc.aws_eip.nat",
            "module.vpc.aws_nat_gateway.main",
            "module.vpc.aws_route_table.private",
            "module.vpc.aws_subnet.public",
            "module.vpc.aws_vpc.main",
            "module.vpc.aws_vpc_endpoint.s3",
            "module.vpc.data.aws_availability_zones.available",
            "module.vpc.data.aws_region.current"
          ]
        }
      ]
    }
  ],
  "check_results": null
}
